
Microsoft Visual Studio Solution File, Format Version 12.00
# Visual Studio Version 17
VisualStudioVersion = 17.7.34031.279
MinimumVisualStudioVersion = 10.0.40219.1
Project("{FAE04EC0-301F-11D3-BF4B-00C04F79EFBC}") = "Functions", "Functions\Functions.csproj", "{9CC8A9AF-8792-4117-BD42-5EAECD724D82}"
EndProject
Project("{FAE04EC0-301F-11D3-BF4B-00C04F79EFBC}") = "ArgumentAndParameters", "ArgumentAndParameters\ArgumentAndParameters.csproj", "{5D40982B-B7D2-45E5-830A-2CCC553BBDCB}"
EndProject
Project("{FAE04EC0-301F-11D3-BF4B-00C04F79EFBC}") = "Calculator", "Calculator\Calculator.csproj", "{11AACE4B-A67D-441A-A3E6-6447B6D364AA}"
EndProject
Project("{FAE04EC0-301F-11D3-BF4B-00C04F79EFBC}") = "DiscountCalculator", "DiscountCalculator\DiscountCalculator.csproj", "{77CA6B48-30E4-4948-876F-F1F9853CAE42}"
EndProject
Global
	GlobalSection(SolutionConfigurationPlatforms) = preSolution
		Debug|Any CPU = Debug|Any CPU
		Release|Any CPU = Release|Any CPU
	EndGlobalSection
	GlobalSection(ProjectConfigurationPlatforms) = postSolution
		{9CC8A9AF-8792-4117-BD42-5EAECD724D82}.Debug|Any CPU.ActiveCfg = Debug|Any CPU
		{9CC8A9AF-8792-4117-BD42-5EAECD724D82}.Debug|Any CPU.Build.0 = Debug|Any CPU
		{9CC8A9AF-8792-4117-BD42-5EAECD724D82}.Release|Any CPU.ActiveCfg = Release|Any CPU
		{9CC8A9AF-8792-4117-BD42-5EAECD724D82}.Release|Any CPU.Build.0 = Release|Any CPU
		{5D40982B-B7D2-45E5-830A-2CCC553BBDCB}.Debug|Any CPU.ActiveCfg = Debug|Any CPU
		{5D40982B-B7D2-45E5-830A-2CCC553BBDCB}.Debug|Any CPU.Build.0 = Debug|Any CPU
		{5D40982B-B7D2-45E5-830A-2CCC553BBDCB}.Release|Any CPU.ActiveCfg = Release|Any CPU
		{5D40982B-B7D2-45E5-830A-2CCC553BBDCB}.Release|Any CPU.Build.0 = Release|Any CPU
		{11AACE4B-A67D-441A-A3E6-6447B6D364AA}.Debug|Any CPU.ActiveCfg = Debug|Any CPU
		{11AACE4B-A67D-441A-A3E6-6447B6D364AA}.Debug|Any CPU.Build.0 = Debug|Any CPU
		{11AACE4B-A67D-441A-A3E6-6447B6D364AA}.Release|Any CPU.ActiveCfg = Release|Any CPU
		{11AACE4B-A67D-441A-A3E6-6447B6D364AA}.Release|Any CPU.Build.0 = Release|Any CPU
		{77CA6B48-30E4-4948-876F-F1F9853CAE42}.Debug|Any CPU.ActiveCfg = Debug|Any CPU
		{77CA6B48-30E4-4948-876F-F1F9853CAE42}.Debug|Any CPU.Build.0 = Debug|Any CPU
		{77CA6B48-30E4-4948-876F-F1F9853CAE42}.Release|Any CPU.ActiveCfg = Release|Any CPU
		{77CA6B48-30E4-4948-876F-F1F9853CAE42}.Release|Any CPU.Build.0 = Release|Any CPU
	EndGlobalSection
	GlobalSection(SolutionProperties) = preSolution
		HideSolutionNode = FALSE
	EndGlobalSection
	GlobalSection(ExtensibilityGlobals) = postSolution
		SolutionGuid = {4DCDC368-0A86-4F79-BDA9-0D08A51AD16B}
	EndGlobalSection
EndGlobal
